{
  "lockfile_version": "1",
  "packages": {
    "github:NixOS/nixpkgs/nixpkgs-unstable": {
      "last_modified": "2026-08-12T11:28:58Z",
      "resolved": "github:NixOS/nixpkgs/044bfe75bfe4c7bbe043dc17b5e42ea823b84a09?lastModified=1786534138"
    },
    "github:NixOS/nixpkgs/nixpkgs-unstable#nodejs_24": {
      "last_modified": "2026-09-30T11:58:46Z",
      "resolved": "github:NixOS/nixpkgs/c9fe7d12cd78d1adcd12dd15e24432dde5b155a0?lastModified=1790769526#nodejs_24"
    }
  }
}
